# This file is automatically @generated by Cargo.
# It is not intended for manual editing.
[[package]]
name = "ansi_term"
version = "0.11.0"
source = "registry+https://github.com/rust-lang/crates.io-index"
dependencies = [
 "winapi 0.3.9 (registry+https://github.com/rust-lang/crates.io-index)",
]

[[package]]
name = "arrayref"
version = "0.3.6"
source = "registry+https://github.com/rust-lang/crates.io-index"

[[package]]
name = "arrayvec"
version = "0.5.1"
source = "registry+https://github.com/rust-lang/crates.io-index"

[[package]]
name = "atk"
version = "0.6.0"
source = "registry+https://github.com/rust-lang/crates.io-index"
dependencies = [
 "atk-sys 0.8.0 (registry+https://github.com/rust-lang/crates.io-index)",
 "bitflags 1.2.1 (registry+https://github.com/rust-lang/crates.io-index)",
 "glib 0.7.1 (registry+https://github.com/rust-lang/crates.io-index)",
 "glib-sys 0.8.0 (registry+https://github.com/rust-lang/crates.io-index)",
 "gobject-sys 0.8.0 (registry+https://github.com/rust-lang/crates.io-index)",
 "libc 0.2.73 (registry+https://github.com/rust-lang/crates.io-index)",
]

[[package]]
name = "atk-sys"
version = "0.8.0"
source = "registry+https://github.com/rust-lang/crates.io-index"
dependencies = [
 "glib-sys 0.8.0 (registry+https://github.com/rust-lang/crates.io-index)",
 "gobject-sys 0.8.0 (registry+https://github.com/rust-lang/crates.io-index)",
 "libc 0.2.73 (registry+https://github.com/rust-lang/crates.io-index)",
 "pkg-config 0.3.18 (registry+https://github.com/rust-lang/crates.io-index)",
]

[[package]]
name = "atty"
version = "0.2.14"
source = "registry+https://github.com/rust-lang/crates.io-index"
dependencies = [
 "hermit-abi 0.1.15 (registry+https://github.com/rust-lang/crates.io-index)",
 "libc 0.2.73 (registry+https://github.com/rust-lang/crates.io-index)",
 "winapi 0.3.9 (registry+https://github.com/rust-lang/crates.io-index)",
]

[[package]]
name = "autocfg"
version = "1.0.0"
source = "registry+https://github.com/rust-lang/crates.io-index"

[[package]]
name = "base64"
version = "0.11.0"
source = "registry+https://github.com/rust-lang/crates.io-index"

[[package]]
name = "bitflags"
version = "1.2.1"
source = "registry+https://github.com/rust-lang/crates.io-index"

[[package]]
name = "blake2b_simd"
version = "0.5.10"
source = "registry+https://github.com/rust-lang/crates.io-index"
dependencies = [
 "arrayref 0.3.6 (registry+https://github.com/rust-lang/crates.io-index)",
 "arrayvec 0.5.1 (registry+https://github.com/rust-lang/crates.io-index)",
 "constant_time_eq 0.1.5 (registry+https://github.com/rust-lang/crates.io-index)",
]

[[package]]
name = "byteorder"
version = "1.3.4"
source = "registry+https://github.com/rust-lang/crates.io-index"

[[package]]
name = "cairo-rs"
version = "0.6.0"
source = "registry+https://github.com/rust-lang/crates.io-index"
dependencies = [
 "bitflags 1.2.1 (registry+https://github.com/rust-lang/crates.io-index)",
 "cairo-sys-rs 0.8.0 (registry+https://github.com/rust-lang/crates.io-index)",
 "glib 0.7.1 (registry+https://github.com/rust-lang/crates.io-index)",
 "glib-sys 0.8.0 (registry+https://github.com/rust-lang/crates.io-index)",
 "gobject-sys 0.8.0 (registry+https://github.com/rust-lang/crates.io-index)",
 "libc 0.2.73 (registry+https://github.com/rust-lang/crates.io-index)",
]

[[package]]
name = "cairo-sys-rs"
version = "0.8.0"
source = "registry+https://github.com/rust-lang/crates.io-index"
dependencies = [
 "glib-sys 0.8.0 (registry+https://github.com/rust-lang/crates.io-index)",
 "libc 0.2.73 (registry+https://github.com/rust-lang/crates.io-index)",
 "pkg-config 0.3.18 (registry+https://github.com/rust-lang/crates.io-index)",
 "winapi 0.3.9 (registry+https://github.com/rust-lang/crates.io-index)",
]

[[package]]
name = "cc"
version = "1.0.58"
source = "registry+https://github.com/rust-lang/crates.io-index"

[[package]]
name = "cfg-if"
version = "0.1.10"
source = "registry+https://github.com/rust-lang/crates.io-index"

[[package]]
name = "clap"
version = "2.33.1"
source = "registry+https://github.com/rust-lang/crates.io-index"
dependencies = [
 "ansi_term 0.11.0 (registry+https://github.com/rust-lang/crates.io-index)",
 "atty 0.2.14 (registry+https://github.com/rust-lang/crates.io-index)",
 "bitflags 1.2.1 (registry+https://github.com/rust-lang/crates.io-index)",
 "strsim 0.8.0 (registry+https://github.com/rust-lang/crates.io-index)",
 "term_size 0.3.2 (registry+https://github.com/rust-lang/crates.io-index)",
 "textwrap 0.11.0 (registry+https://github.com/rust-lang/crates.io-index)",
 "unicode-width 0.1.8 (registry+https://github.com/rust-lang/crates.io-index)",
 "vec_map 0.8.2 (registry+https://github.com/rust-lang/crates.io-index)",
]

[[package]]
name = "clippy"
version = "0.0.302"
source = "registry+https://github.com/rust-lang/crates.io-index"
dependencies = [
 "term 0.5.2 (registry+https://github.com/rust-lang/crates.io-index)",
]

[[package]]
name = "constant_time_eq"
version = "0.1.5"
source = "registry+https://github.com/rust-lang/crates.io-index"

[[package]]
name = "crossbeam-utils"
version = "0.7.2"
source = "registry+https://github.com/rust-lang/crates.io-index"
dependencies = [
 "autocfg 1.0.0 (registry+https://github.com/rust-lang/crates.io-index)",
 "cfg-if 0.1.10 (registry+https://github.com/rust-lang/crates.io-index)",
 "lazy_static 1.4.0 (registry+https://github.com/rust-lang/crates.io-index)",
]

[[package]]
name = "dirs"
version = "1.0.5"
source = "registry+https://github.com/rust-lang/crates.io-index"
dependencies = [
 "libc 0.2.73 (registry+https://github.com/rust-lang/crates.io-index)",
 "redox_users 0.3.4 (registry+https://github.com/rust-lang/crates.io-index)",
 "winapi 0.3.9 (registry+https://github.com/rust-lang/crates.io-index)",
]

[[package]]
name = "fragile"
version = "0.3.0"
source = "registry+https://github.com/rust-lang/crates.io-index"

[[package]]
name = "gdk"
version = "0.10.0"
source = "registry+https://github.com/rust-lang/crates.io-index"
dependencies = [
 "bitflags 1.2.1 (registry+https://github.com/rust-lang/crates.io-index)",
 "cairo-rs 0.6.0 (registry+https://github.com/rust-lang/crates.io-index)",
 "cairo-sys-rs 0.8.0 (registry+https://github.com/rust-lang/crates.io-index)",
 "gdk-pixbuf 0.6.0 (registry+https://github.com/rust-lang/crates.io-index)",
 "gdk-sys 0.8.0 (registry+https://github.com/rust-lang/crates.io-index)",
 "gio 0.6.0 (registry+https://github.com/rust-lang/crates.io-index)",
 "gio-sys 0.8.0 (registry+https://github.com/rust-lang/crates.io-index)",
 "glib 0.7.1 (registry+https://github.com/rust-lang/crates.io-index)",
 "glib-sys 0.8.0 (registry+https://github.com/rust-lang/crates.io-index)",
 "gobject-sys 0.8.0 (registry+https://github.com/rust-lang/crates.io-index)",
 "libc 0.2.73 (registry+https://github.com/rust-lang/crates.io-index)",
 "pango 0.6.0 (registry+https://github.com/rust-lang/crates.io-index)",
]

[[package]]
name = "gdk-pixbuf"
version = "0.6.0"
source = "registry+https://github.com/rust-lang/crates.io-index"
dependencies = [
 "gdk-pixbuf-sys 0.8.0 (registry+https://github.com/rust-lang/crates.io-index)",
 "gio 0.6.0 (registry+https://github.com/rust-lang/crates.io-index)",
 "gio-sys 0.8.0 (registry+https://github.com/rust-lang/crates.io-index)",
 "glib 0.7.1 (registry+https://github.com/rust-lang/crates.io-index)",
 "glib-sys 0.8.0 (registry+https://github.com/rust-lang/crates.io-index)",
 "gobject-sys 0.8.0 (registry+https://github.com/rust-lang/crates.io-index)",
 "libc 0.2.73 (registry+https://github.com/rust-lang/crates.io-index)",
]

[[package]]
name = "gdk-pixbuf-sys"
version = "0.8.0"
source = "registry+https://github.com/rust-lang/crates.io-index"
dependencies = [
 "gio-sys 0.8.0 (registry+https://github.com/rust-lang/crates.io-index)",
 "glib-sys 0.8.0 (registry+https://github.com/rust-lang/crates.io-index)",
 "gobject-sys 0.8.0 (registry+https://github.com/rust-lang/crates.io-index)",
 "libc 0.2.73 (registry+https://github.com/rust-lang/crates.io-index)",
 "pkg-config 0.3.18 (registry+https://github.com/rust-lang/crates.io-index)",
]

[[package]]
name = "gdk-sys"
version = "0.8.0"
source = "registry+https://github.com/rust-lang/crates.io-index"
dependencies = [
 "cairo-sys-rs 0.8.0 (registry+https://github.com/rust-lang/crates.io-index)",
 "gdk-pixbuf-sys 0.8.0 (registry+https://github.com/rust-lang/crates.io-index)",
 "gio-sys 0.8.0 (registry+https://github.com/rust-lang/crates.io-index)",
 "glib-sys 0.8.0 (registry+https://github.com/rust-lang/crates.io-index)",
 "gobject-sys 0.8.0 (registry+https://github.com/rust-lang/crates.io-index)",
 "libc 0.2.73 (registry+https://github.com/rust-lang/crates.io-index)",
 "pango-sys 0.8.0 (registry+https://github.com/rust-lang/crates.io-index)",
 "pkg-config 0.3.18 (registry+https://github.com/rust-lang/crates.io-index)",
]

[[package]]
name = "getrandom"
version = "0.1.14"
source = "registry+https://github.com/rust-lang/crates.io-index"
dependencies = [
 "cfg-if 0.1.10 (registry+https://github.com/rust-lang/crates.io-index)",
 "libc 0.2.73 (registry+https://github.com/rust-lang/crates.io-index)",
 "wasi 0.9.0+wasi-snapshot-preview1 (registry+https://github.com/rust-lang/crates.io-index)",
]

[[package]]
name = "gio"
version = "0.6.0"
source = "registry+https://github.com/rust-lang/crates.io-index"
dependencies = [
 "bitflags 1.2.1 (registry+https://github.com/rust-lang/crates.io-index)",
 "fragile 0.3.0 (registry+https://github.com/rust-lang/crates.io-index)",
 "gio-sys 0.8.0 (registry+https://github.com/rust-lang/crates.io-index)",
 "glib 0.7.1 (registry+https://github.com/rust-lang/crates.io-index)",
 "glib-sys 0.8.0 (registry+https://github.com/rust-lang/crates.io-index)",
 "gobject-sys 0.8.0 (registry+https://github.com/rust-lang/crates.io-index)",
 "lazy_static 1.4.0 (registry+https://github.com/rust-lang/crates.io-index)",
 "libc 0.2.73 (registry+https://github.com/rust-lang/crates.io-index)",
]

[[package]]
name = "gio-sys"
version = "0.8.0"
source = "registry+https://github.com/rust-lang/crates.io-index"
dependencies = [
 "glib-sys 0.8.0 (registry+https://github.com/rust-lang/crates.io-index)",
 "gobject-sys 0.8.0 (registry+https://github.com/rust-lang/crates.io-index)",
 "libc 0.2.73 (registry+https://github.com/rust-lang/crates.io-index)",
 "pkg-config 0.3.18 (registry+https://github.com/rust-lang/crates.io-index)",
]

[[package]]
name = "glib"
version = "0.7.1"
source = "registry+https://github.com/rust-lang/crates.io-index"
dependencies = [
 "bitflags 1.2.1 (registry+https://github.com/rust-lang/crates.io-index)",
 "glib-sys 0.8.0 (registry+https://github.com/rust-lang/crates.io-index)",
 "gobject-sys 0.8.0 (registry+https://github.com/rust-lang/crates.io-index)",
 "lazy_static 1.4.0 (registry+https://github.com/rust-lang/crates.io-index)",
 "libc 0.2.73 (registry+https://github.com/rust-lang/crates.io-index)",
]

[[package]]
name = "glib-sys"
version = "0.8.0"
source = "registry+https://github.com/rust-lang/crates.io-index"
dependencies = [
 "libc 0.2.73 (registry+https://github.com/rust-lang/crates.io-index)",
 "pkg-config 0.3.18 (registry+https://github.com/rust-lang/crates.io-index)",
]

[[package]]
name = "gobject-sys"
version = "0.8.0"
source = "registry+https://github.com/rust-lang/crates.io-index"
dependencies = [
 "glib-sys 0.8.0 (registry+https://github.com/rust-lang/crates.io-index)",
 "libc 0.2.73 (registry+https://github.com/rust-lang/crates.io-index)",
 "pkg-config 0.3.18 (registry+https://github.com/rust-lang/crates.io-index)",
]

[[package]]
name = "gtk"
version = "0.6.0"
source = "registry+https://github.com/rust-lang/crates.io-index"
dependencies = [
 "atk 0.6.0 (registry+https://github.com/rust-lang/crates.io-index)",
 "bitflags 1.2.1 (registry+https://github.com/rust-lang/crates.io-index)",
 "cairo-rs 0.6.0 (registry+https://github.com/rust-lang/crates.io-index)",
 "cairo-sys-rs 0.8.0 (registry+https://github.com/rust-lang/crates.io-index)",
 "cc 1.0.58 (registry+https://github.com/rust-lang/crates.io-index)",
 "gdk 0.10.0 (registry+https://github.com/rust-lang/crates.io-index)",
 "gdk-pixbuf 0.6.0 (registry+https://github.com/rust-lang/crates.io-index)",
 "gdk-pixbuf-sys 0.8.0 (registry+https://github.com/rust-lang/crates.io-index)",
 "gdk-sys 0.8.0 (registry+https://github.com/rust-lang/crates.io-index)",
 "gio 0.6.0 (registry+https://github.com/rust-lang/crates.io-index)",
 "gio-sys 0.8.0 (registry+https://github.com/rust-lang/crates.io-index)",
 "glib 0.7.1 (registry+https://github.com/rust-lang/crates.io-index)",
 "glib-sys 0.8.0 (registry+https://github.com/rust-lang/crates.io-index)",
 "gobject-sys 0.8.0 (registry+https://github.com/rust-lang/crates.io-index)",
 "gtk-sys 0.8.0 (registry+https://github.com/rust-lang/crates.io-index)",
 "lazy_static 1.4.0 (registry+https://github.com/rust-lang/crates.io-index)",
 "libc 0.2.73 (registry+https://github.com/rust-lang/crates.io-index)",
 "pango 0.6.0 (registry+https://github.com/rust-lang/crates.io-index)",
 "pango-sys 0.8.0 (registry+https://github.com/rust-lang/crates.io-index)",
]

[[package]]
name = "gtk-sys"
version = "0.8.0"
source = "registry+https://github.com/rust-lang/crates.io-index"
dependencies = [
 "atk-sys 0.8.0 (registry+https://github.com/rust-lang/crates.io-index)",
 "cairo-sys-rs 0.8.0 (registry+https://github.com/rust-lang/crates.io-index)",
 "gdk-pixbuf-sys 0.8.0 (registry+https://github.com/rust-lang/crates.io-index)",
 "gdk-sys 0.8.0 (registry+https://github.com/rust-lang/crates.io-index)",
 "gio-sys 0.8.0 (registry+https://github.com/rust-lang/crates.io-index)",
 "glib-sys 0.8.0 (registry+https://github.com/rust-lang/crates.io-index)",
 "gobject-sys 0.8.0 (registry+https://github.com/rust-lang/crates.io-index)",
 "libc 0.2.73 (registry+https://github.com/rust-lang/crates.io-index)",
 "pango-sys 0.8.0 (registry+https://github.com/rust-lang/crates.io-index)",
 "pkg-config 0.3.18 (registry+https://github.com/rust-lang/crates.io-index)",
]

[[package]]
name = "hermit-abi"
version = "0.1.15"
source = "registry+https://github.com/rust-lang/crates.io-index"
dependencies = [
 "libc 0.2.73 (registry+https://github.com/rust-lang/crates.io-index)",
]

[[package]]
name = "lazy_static"
version = "1.4.0"
source = "registry+https://github.com/rust-lang/crates.io-index"

[[package]]
name = "libc"
version = "0.2.73"
source = "registry+https://github.com/rust-lang/crates.io-index"

[[package]]
name = "pango"
version = "0.6.0"
source = "registry+https://github.com/rust-lang/crates.io-index"
dependencies = [
 "bitflags 1.2.1 (registry+https://github.com/rust-lang/crates.io-index)",
 "glib 0.7.1 (registry+https://github.com/rust-lang/crates.io-index)",
 "glib-sys 0.8.0 (registry+https://github.com/rust-lang/crates.io-index)",
 "gobject-sys 0.8.0 (registry+https://github.com/rust-lang/crates.io-index)",
 "lazy_static 1.4.0 (registry+https://github.com/rust-lang/crates.io-index)",
 "libc 0.2.73 (registry+https://github.com/rust-lang/crates.io-index)",
 "pango-sys 0.8.0 (registry+https://github.com/rust-lang/crates.io-index)",
]

[[package]]
name = "pango-sys"
version = "0.8.0"
source = "registry+https://github.com/rust-lang/crates.io-index"
dependencies = [
 "glib-sys 0.8.0 (registry+https://github.com/rust-lang/crates.io-index)",
 "gobject-sys 0.8.0 (registry+https://github.com/rust-lang/crates.io-index)",
 "libc 0.2.73 (registry+https://github.com/rust-lang/crates.io-index)",
 "pkg-config 0.3.18 (registry+https://github.com/rust-lang/crates.io-index)",
]

[[package]]
name = "pkg-config"
version = "0.3.18"
source = "registry+https://github.com/rust-lang/crates.io-index"

[[package]]
name = "redox_syscall"
version = "0.1.57"
source = "registry+https://github.com/rust-lang/crates.io-index"

[[package]]
name = "redox_users"
version = "0.3.4"
source = "registry+https://github.com/rust-lang/crates.io-index"
dependencies = [
 "getrandom 0.1.14 (registry+https://github.com/rust-lang/crates.io-index)",
 "redox_syscall 0.1.57 (registry+https://github.com/rust-lang/crates.io-index)",
 "rust-argon2 0.7.0 (registry+https://github.com/rust-lang/crates.io-index)",
]

[[package]]
name = "rust-argon2"
version = "0.7.0"
source = "registry+https://github.com/rust-lang/crates.io-index"
dependencies = [
 "base64 0.11.0 (registry+https://github.com/rust-lang/crates.io-index)",
 "blake2b_simd 0.5.10 (registry+https://github.com/rust-lang/crates.io-index)",
 "constant_time_eq 0.1.5 (registry+https://github.com/rust-lang/crates.io-index)",
 "crossbeam-utils 0.7.2 (registry+https://github.com/rust-lang/crates.io-index)",
]

[[package]]
name = "strsim"
version = "0.8.0"
source = "registry+https://github.com/rust-lang/crates.io-index"

[[package]]
name = "term"
version = "0.5.2"
source = "registry+https://github.com/rust-lang/crates.io-index"
dependencies = [
 "byteorder 1.3.4 (registry+https://github.com/rust-lang/crates.io-index)",
 "dirs 1.0.5 (registry+https://github.com/rust-lang/crates.io-index)",
 "winapi 0.3.9 (registry+https://github.com/rust-lang/crates.io-index)",
]

[[package]]
name = "term_size"
version = "0.3.2"
source = "registry+https://github.com/rust-lang/crates.io-index"
dependencies = [
 "libc 0.2.73 (registry+https://github.com/rust-lang/crates.io-index)",
 "winapi 0.3.9 (registry+https://github.com/rust-lang/crates.io-index)",
]

[[package]]
name = "textwrap"
version = "0.11.0"
source = "registry+https://github.com/rust-lang/crates.io-index"
dependencies = [
 "term_size 0.3.2 (registry+https://github.com/rust-lang/crates.io-index)",
 "unicode-width 0.1.8 (registry+https://github.com/rust-lang/crates.io-index)",
]

[[package]]
name = "unicode-width"
version = "0.1.8"
source = "registry+https://github.com/rust-lang/crates.io-index"

[[package]]
name = "vec_map"
version = "0.8.2"
source = "registry+https://github.com/rust-lang/crates.io-index"

[[package]]
name = "wasi"
version = "0.9.0+wasi-snapshot-preview1"
source = "registry+https://github.com/rust-lang/crates.io-index"

[[package]]
name = "winapi"
version = "0.3.9"
source = "registry+https://github.com/rust-lang/crates.io-index"
dependencies = [
 "winapi-i686-pc-windows-gnu 0.4.0 (registry+https://github.com/rust-lang/crates.io-index)",
 "winapi-x86_64-pc-windows-gnu 0.4.0 (registry+https://github.com/rust-lang/crates.io-index)",
]

[[package]]
name = "winapi-i686-pc-windows-gnu"
version = "0.4.0"
source = "registry+https://github.com/rust-lang/crates.io-index"

[[package]]
name = "winapi-x86_64-pc-windows-gnu"
version = "0.4.0"
source = "registry+https://github.com/rust-lang/crates.io-index"

[[package]]
name = "xt-frontend-gtk"
version = "0.1.0"
dependencies = [
 "clap 2.33.1 (registry+https://github.com/rust-lang/crates.io-index)",
 "clippy 0.0.302 (registry+https://github.com/rust-lang/crates.io-index)",
 "gdk 0.10.0 (registry+https://github.com/rust-lang/crates.io-index)",
 "gio 0.6.0 (registry+https://github.com/rust-lang/crates.io-index)",
 "gtk 0.6.0 (registry+https://github.com/rust-lang/crates.io-index)",
]

[metadata]
"checksum ansi_term 0.11.0 (registry+https://github.com/rust-lang/crates.io-index)" = "ee49baf6cb617b853aa8d93bf420db2383fab46d314482ca2803b40d5fde979b"
"checksum arrayref 0.3.6 (registry+https://github.com/rust-lang/crates.io-index)" = "a4c527152e37cf757a3f78aae5a06fbeefdb07ccc535c980a3208ee3060dd544"
"checksum arrayvec 0.5.1 (registry+https://github.com/rust-lang/crates.io-index)" = "cff77d8686867eceff3105329d4698d96c2391c176d5d03adc90c7389162b5b8"
"checksum atk 0.6.0 (registry+https://github.com/rust-lang/crates.io-index)" = "7ce8fd2055aa2ce617754c5a701682a06b4b57093cbbcbd8f068622a8debae96"
"checksum atk-sys 0.8.0 (registry+https://github.com/rust-lang/crates.io-index)" = "83744274abbcc2242f845a25cf84b9adb5991eaecc8f7c67cffd69ea636f4ff8"
"checksum atty 0.2.14 (registry+https://github.com/rust-lang/crates.io-index)" = "d9b39be18770d11421cdb1b9947a45dd3f37e93092cbf377614828a319d5fee8"
"checksum autocfg 1.0.0 (registry+https://github.com/rust-lang/crates.io-index)" = "f8aac770f1885fd7e387acedd76065302551364496e46b3dd00860b2f8359b9d"
"checksum base64 0.11.0 (registry+https://github.com/rust-lang/crates.io-index)" = "b41b7ea54a0c9d92199de89e20e58d49f02f8e699814ef3fdf266f6f748d15c7"
"checksum bitflags 1.2.1 (registry+https://github.com/rust-lang/crates.io-index)" = "cf1de2fe8c75bc145a2f577add951f8134889b4795d47466a54a5c846d691693"
"checksum blake2b_simd 0.5.10 (registry+https://github.com/rust-lang/crates.io-index)" = "d8fb2d74254a3a0b5cac33ac9f8ed0e44aa50378d9dbb2e5d83bd21ed1dc2c8a"
"checksum byteorder 1.3.4 (registry+https://github.com/rust-lang/crates.io-index)" = "08c48aae112d48ed9f069b33538ea9e3e90aa263cfa3d1c24309612b1f7472de"
"checksum cairo-rs 0.6.0 (registry+https://github.com/rust-lang/crates.io-index)" = "9e09d8a818b2ccc8983f04d95a9350c3cf8d24cc456cedca3b88fa3a81fdc0e2"
"checksum cairo-sys-rs 0.8.0 (registry+https://github.com/rust-lang/crates.io-index)" = "b3fa13914fdc013387afa771f554f2f71d6ae931f4e5be9246c337d60c3dc484"
"checksum cc 1.0.58 (registry+https://github.com/rust-lang/crates.io-index)" = "f9a06fb2e53271d7c279ec1efea6ab691c35a2ae67ec0d91d7acec0caf13b518"
"checksum cfg-if 0.1.10 (registry+https://github.com/rust-lang/crates.io-index)" = "4785bdd1c96b2a846b2bd7cc02e86b6b3dbf14e7e53446c4f54c92a361040822"
"checksum clap 2.33.1 (registry+https://github.com/rust-lang/crates.io-index)" = "bdfa80d47f954d53a35a64987ca1422f495b8d6483c0fe9f7117b36c2a792129"
"checksum clippy 0.0.302 (registry+https://github.com/rust-lang/crates.io-index)" = "d911ee15579a3f50880d8c1d59ef6e79f9533127a3bd342462f5d584f5e8c294"
"checksum constant_time_eq 0.1.5 (registry+https://github.com/rust-lang/crates.io-index)" = "245097e9a4535ee1e3e3931fcfcd55a796a44c643e8596ff6566d68f09b87bbc"
"checksum crossbeam-utils 0.7.2 (registry+https://github.com/rust-lang/crates.io-index)" = "c3c7c73a2d1e9fc0886a08b93e98eb643461230d5f1925e4036204d5f2e261a8"
"checksum dirs 1.0.5 (registry+https://github.com/rust-lang/crates.io-index)" = "3fd78930633bd1c6e35c4b42b1df7b0cbc6bc191146e512bb3bedf243fcc3901"
"checksum fragile 0.3.0 (registry+https://github.com/rust-lang/crates.io-index)" = "05f8140122fa0d5dcb9fc8627cfce2b37cc1500f752636d46ea28bc26785c2f9"
"checksum gdk 0.10.0 (registry+https://github.com/rust-lang/crates.io-index)" = "9c229b642a3cf701f92246b131fda2eaabaa5f44f4a255dee65939ebd0ab0141"
"checksum gdk-pixbuf 0.6.0 (registry+https://github.com/rust-lang/crates.io-index)" = "9a1bcb11b461ff5638f6bf03c9f173d3dc250eabc8e57a60644b6f529d3a7c91"
"checksum gdk-pixbuf-sys 0.8.0 (registry+https://github.com/rust-lang/crates.io-index)" = "10e1115ca451907b6d775fc0392641d14c89277662d98828412fb68555e7e8c8"
"checksum gdk-sys 0.8.0 (registry+https://github.com/rust-lang/crates.io-index)" = "458dc6243bdda4aa1693f5f18231f55b98e9c99c50b3b9bd673cf461ef1710ea"
"checksum getrandom 0.1.14 (registry+https://github.com/rust-lang/crates.io-index)" = "7abc8dd8451921606d809ba32e95b6111925cd2906060d2dcc29c070220503eb"
"checksum gio 0.6.0 (registry+https://github.com/rust-lang/crates.io-index)" = "ff120a666f4a0f41cca7554fbac82defc2562e90eccf3b26a30e6461fa1bbde8"
"checksum gio-sys 0.8.0 (registry+https://github.com/rust-lang/crates.io-index)" = "04957c40df00dd72f7c9ec8e382b01ff8ed4a904fcd2fa608b7ae7fbaccfda8f"
"checksum glib 0.7.1 (registry+https://github.com/rust-lang/crates.io-index)" = "0c4e8fdc159c196a5dfa53a92929ac4c10c8a6637ffb43951f3fff89c2cd2365"
"checksum glib-sys 0.8.0 (registry+https://github.com/rust-lang/crates.io-index)" = "5bda542f3caee39a027638e9644ff89204101ad916fd7370b585ad2c5fc97e61"
"checksum gobject-sys 0.8.0 (registry+https://github.com/rust-lang/crates.io-index)" = "23e05a14290d3dc255223cba51db4b0f3da438d5250657996fa99b2a30faf43e"
"checksum gtk 0.6.0 (registry+https://github.com/rust-lang/crates.io-index)" = "b52cfbd8c3e4a000c8374676352f3850c2d62c0f42ef0a993e5d3fcf47e0be64"
"checksum gtk-sys 0.8.0 (registry+https://github.com/rust-lang/crates.io-index)" = "849835f05d46f605b00ee9fefb6d5921238c570af406f35ee7426ed01cd6795c"
"checksum hermit-abi 0.1.15 (registry+https://github.com/rust-lang/crates.io-index)" = "3deed196b6e7f9e44a2ae8d94225d80302d81208b1bb673fd21fe634645c85a9"
"checksum lazy_static 1.4.0 (registry+https://github.com/rust-lang/crates.io-index)" = "e2abad23fbc42b3700f2f279844dc832adb2b2eb069b2df918f455c4e18cc646"
"checksum libc 0.2.73 (registry+https://github.com/rust-lang/crates.io-index)" = "bd7d4bd64732af4bf3a67f367c27df8520ad7e230c5817b8ff485864d80242b9"
"checksum pango 0.6.0 (registry+https://github.com/rust-lang/crates.io-index)" = "4e36b55d7cd522bd183efeb3dfabc547bda1f26eadf8a1241dac09ab3fd3242c"
"checksum pango-sys 0.8.0 (registry+https://github.com/rust-lang/crates.io-index)" = "747ab9cd4d537e6dc5ef0e4308c10dde8b706673b0237fed4e056b8d2c0b23c8"
"checksum pkg-config 0.3.18 (registry+https://github.com/rust-lang/crates.io-index)" = "d36492546b6af1463394d46f0c834346f31548646f6ba10849802c9c9a27ac33"
"checksum redox_syscall 0.1.57 (registry+https://github.com/rust-lang/crates.io-index)" = "41cc0f7e4d5d4544e8861606a285bb08d3e70712ccc7d2b84d7c0ccfaf4b05ce"
"checksum redox_users 0.3.4 (registry+https://github.com/rust-lang/crates.io-index)" = "09b23093265f8d200fa7b4c2c76297f47e681c655f6f1285a8780d6a022f7431"
"checksum rust-argon2 0.7.0 (registry+https://github.com/rust-lang/crates.io-index)" = "2bc8af4bda8e1ff4932523b94d3dd20ee30a87232323eda55903ffd71d2fb017"
"checksum strsim 0.8.0 (registry+https://github.com/rust-lang/crates.io-index)" = "8ea5119cdb4c55b55d432abb513a0429384878c15dde60cc77b1c99de1a95a6a"
"checksum term 0.5.2 (registry+https://github.com/rust-lang/crates.io-index)" = "edd106a334b7657c10b7c540a0106114feadeb4dc314513e97df481d5d966f42"
"checksum term_size 0.3.2 (registry+https://github.com/rust-lang/crates.io-index)" = "1e4129646ca0ed8f45d09b929036bafad5377103edd06e50bf574b353d2b08d9"
"checksum textwrap 0.11.0 (registry+https://github.com/rust-lang/crates.io-index)" = "d326610f408c7a4eb6f51c37c330e496b08506c9457c9d34287ecc38809fb060"
"checksum unicode-width 0.1.8 (registry+https://github.com/rust-lang/crates.io-index)" = "9337591893a19b88d8d87f2cec1e73fad5cdfd10e5a6f349f498ad6ea2ffb1e3"
"checksum vec_map 0.8.2 (registry+https://github.com/rust-lang/crates.io-index)" = "f1bddf1187be692e79c5ffeab891132dfb0f236ed36a43c7ed39f1165ee20191"
"checksum wasi 0.9.0+wasi-snapshot-preview1 (registry+https://github.com/rust-lang/crates.io-index)" = "cccddf32554fecc6acb585f82a32a72e28b48f8c4c1883ddfeeeaa96f7d8e519"
"checksum winapi 0.3.9 (registry+https://github.com/rust-lang/crates.io-index)" = "5c839a674fcd7a98952e593242ea400abe93992746761e38641405d28b00f419"
"checksum winapi-i686-pc-windows-gnu 0.4.0 (registry+https://github.com/rust-lang/crates.io-index)" = "ac3b87c63620426dd9b991e5ce0329eff545bccbbb34f3be09ff6fb6ab51b7b6"
"checksum winapi-x86_64-pc-windows-gnu 0.4.0 (registry+https://github.com/rust-lang/crates.io-index)" = "712e227841d057c1ee1cd2fb22fa7e5a5461ae8e48fa2ca79ec42cfc1931183f"
